
Microsoft Visual Studio Solution File, Format Version 12.00
# Visual Studio Version 16
VisualStudioVersion = 16.0.31019.194
MinimumVisualStudioVersion = 10.0.40219.1
Project("{FAE04EC0-301F-11D3-BF4B-00C04F79EFBC}") = "WindowsService1", "WindowsService1.csproj", "{315B533D-C678-4AB3-9B5E-3B992700804A}"
EndProject
Global
	GlobalSection(SolutionConfigurationPlatforms) = preSolution
		Debug|Any CPU = Debug|Any CPU
		Release|Any CPU = Release|Any CPU
	EndGlobalSection
	GlobalSection(ProjectConfigurationPlatforms) = postSolution
		{315B533D-C678-4AB3-9B5E-3B992700804A}.Debug|Any CPU.ActiveCfg = Debug|Any CPU
		{315B533D-C678-4AB3-9B5E-3B992700804A}.Debug|Any CPU.Build.0 = Debug|Any CPU
		{315B533D-C678-4AB3-9B5E-3B992700804A}.Release|Any CPU.ActiveCfg = Release|Any CPU
		{315B533D-C678-4AB3-9B5E-3B992700804A}.Release|Any CPU.Build.0 = Release|Any CPU
	EndGlobalSection
	GlobalSection(SolutionProperties) = preSolution
		HideSolutionNode = FALSE
	EndGlobalSection
	GlobalSection(ExtensibilityGlobals) = postSolution
		SolutionGuid = {ED271D3C-4645-4F99-991F-5E8540161AFC}
	EndGlobalSection
EndGlobal
